// !$*UTF8*$!
{
	archiveVersion = 1;
	classes = {
	};
	objectVersion = 46;
	objects = {

/* Begin PBXBuildFile section */
		84026DA619B8B7B100A1A173 /* Foundation.framework in Frameworks */ = {isa = PBXBuildFile; fileRef = 84026DA519B8B7B100A1A173 /* Foundation.framework */; };
		84026DA819B8B7B100A1A173 /* CoreGraphics.framework in Frameworks */ = {isa = PBXBuildFile; fileRef = 84026DA719B8B7B100A1A173 /* CoreGraphics.framework */; };
		84026DAA19B8B7B100A1A173 /* UIKit.framework in Frameworks */ = {isa = PBXBuildFile; fileRef = 84026DA919B8B7B100A1A173 /* UIKit.framework */; };
		84026DB019B8B7B100A1A173 /* InfoPlist.strings in Resources */ = {isa = PBXBuildFile; fileRef = 84026DAE19B8B7B100A1A173 /* InfoPlist.strings */; };
		84026DB219B8B7B100A1A173 /* main.m in Sources */ = {isa = PBXBuildFile; fileRef = 84026DB119B8B7B100A1A173 /* main.m */; };
		84026DB619B8B7B100A1A173 /* OSTAAppDelegate.m in Sources */ = {isa = PBXBuildFile; fileRef = 84026DB519B8B7B100A1A173 /* OSTAAppDelegate.m */; };
		84026DB919B8B7B100A1A173 /* Main.storyboard in Resources */ = {isa = PBXBuildFile; fileRef = 84026DB719B8B7B100A1A173 /* Main.storyboard */; };
		84026DBC19B8B7B100A1A173 /* OSTAViewController.m in Sources */ = {isa = PBXBuildFile; fileRef = 84026DBB19B8B7B100A1A173 /* OSTAViewController.m */; };
		84026DBE19B8B7B100A1A173 /* Images.xcassets in Resources */ = {isa = PBXBuildFile; fileRef = 84026DBD19B8B7B100A1A173 /* Images.xcassets */; };
		84026DC519B8B7B100A1A173 /* XCTest.framework in Frameworks */ = {isa = PBXBuildFile; fileRef = 84026DC419B8B7B100A1A173 /* XCTest.framework */; };
		84026DC619B8B7B100A1A173 /* Foundation.framework in Frameworks */ = {isa = PBXBuildFile; fileRef = 84026DA519B8B7B100A1A173 /* Foundation.framework */; };
		84026DC719B8B7B100A1A173 /* UIKit.framework in Frameworks */ = {isa = PBXBuildFile; fileRef = 84026DA919B8B7B100A1A173 /* UIKit.framework */; };
		84026DCF19B8B7B100A1A173 /* InfoPlist.strings in Resources */ = {isa = PBXBuildFile; fileRef = 84026DCD19B8B7B100A1A173 /* InfoPlist.strings */; };
		84026DD119B8B7B100A1A173 /* FlickrPhotosViewerTests.m in Sources */ = {isa = PBXBuildFile; fileRef = 84026DD019B8B7B100A1A173 /* FlickrPhotosViewerTests.m */; };
		84026DDE19B8B86000A1A173 /* OSTACollectionViewCell.m in Sources */ = {isa = PBXBuildFile; fileRef = 84026DDB19B8B86000A1A173 /* OSTACollectionViewCell.m */; };
		84026DDF19B8B86000A1A173 /* OSTAImageContentViewController.m in Sources */ = {isa = PBXBuildFile; fileRef = 84026DDD19B8B86000A1A173 /* OSTAImageContentViewController.m */; };
		84026DF719B8B8BF00A1A173 /* PSRClassWichPerformsAsyncOperations.m in Sources */ = {isa = PBXBuildFile; fileRef = 84026DF019B8B8BF00A1A173 /* PSRClassWichPerformsAsyncOperations.m */; };
		84026DF819B8B8BF00A1A173 /* PSRFlickrAPI.m in Sources */ = {isa = PBXBuildFile; fileRef = 84026DF219B8B8BF00A1A173 /* PSRFlickrAPI.m */; };
		84026DF919B8B8BF00A1A173 /* PSRFlickrPhoto.m in Sources */ = {isa = PBXBuildFile; fileRef = 84026DF419B8B8BF00A1A173 /* PSRFlickrPhoto.m */; };
		84026DFA19B8B8BF00A1A173 /* PSRFlickrSearchOptions.m in Sources */ = {isa = PBXBuildFile; fileRef = 84026DF619B8B8BF00A1A173 /* PSRFlickrSearchOptions.m */; };
/* End PBXBuildFile section */

/* Begin PBXContainerItemProxy section */
		84026DC819B8B7B100A1A173 /* PBXContainerItemProxy */ = {
			isa = PBXContainerItemProxy;
			containerPortal = 84026D9A19B8B7B100A1A173 /* Project object */;
			proxyType = 1;
			remoteGlobalIDString = 84026DA119B8B7B100A1A173;
			remoteInfo = FlickrPhotosViewer;
		};
/* End PBXContainerItemProxy section */

/* Begin PBXFileReference section */
		84026DA219B8B7B100A1A173 /* FlickrPhotosViewer.app */ = {isa = PBXFileReference; explicitFileType = wrapper.application; includeInIndex = 0; path = FlickrPhotosViewer.app; sourceTree = BUILT_PRODUCTS_DIR; };
		84026DA519B8B7B100A1A173 /* Foundation.framework */ = {isa = PBXFileReference; lastKnownFileType = wrapper.framework; name = Foundation.framework; path = System/Library/Frameworks/Foundation.framework; sourceTree = SDKROOT; };
		84026DA719B8B7B100A1A173 /* CoreGraphics.framework */ = {isa = PBXFileReference; lastKnownFileType = wrapper.framework; name = CoreGraphics.framework; path = System/Library/Frameworks/CoreGraphics.framework; sourceTree = SDKROOT; };
		84026DA919B8B7B100A1A173 /* UIKit.framework */ = {isa = PBXFileReference; lastKnownFileType = wrapper.framework; name = UIKit.framework; path = System/Library/Frameworks/UIKit.framework; sourceTree = SDKROOT; };
		84026DAD19B8B7B100A1A173 /* FlickrPhotosViewer-Info.plist */ = {isa = PBXFileReference; lastKnownFileType = text.plist.xml; path = "FlickrPhotosViewer-Info.plist"; sourceTree = "<group>"; };
		84026DAF19B8B7B100A1A173 /* en */ = {isa = PBXFileReference; lastKnownFileType = text.plist.strings; name = en; path = en.lproj/InfoPlist.strings; sourceTree = "<group>"; };
		84026DB119B8B7B100A1A173 /* main.m */ = {isa = PBXFileReference; lastKnownFileType = sourcecode.c.objc; path = main.m; sourceTree = "<group>"; };
		84026DB319B8B7B100A1A173 /* FlickrPhotosViewer-Prefix.pch */ = {isa = PBXFileReference; lastKnownFileType = sourcecode.c.h; path = "FlickrPhotosViewer-Prefix.pch"; sourceTree = "<group>"; };
		84026DB419B8B7B100A1A173 /* OSTAAppDelegate.h */ = {isa = PBXFileReference; lastKnownFileType = sourcecode.c.h; path = OSTAAppDelegate.h; sourceTree = "<group>"; };
		84026DB519B8B7B100A1A173 /* OSTAAppDelegate.m */ = {isa = PBXFileReference; lastKnownFileType = sourcecode.c.objc; path = OSTAAppDelegate.m; sourceTree = "<group>"; };
		84026DB819B8B7B100A1A173 /* Base */ = {isa = PBXFileReference; lastKnownFileType = file.storyboard; name = Base; path = Base.lproj/Main.storyboard; sourceTree = "<group>"; };
		84026DBA19B8B7B100A1A173 /* OSTAViewController.h */ = {isa = PBXFileReference; lastKnownFileType = sourcecode.c.h; path = OSTAViewController.h; sourceTree = "<group>"; };
		84026DBB19B8B7B100A1A173 /* OSTAViewController.m */ = {isa = PBXFileReference; lastKnownFileType = sourcecode.c.objc; path = OSTAViewController.m; sourceTree = "<group>"; };
		84026DBD19B8B7B100A1A173 /* Images.xcassets */ = {isa = PBXFileReference; lastKnownFileType = folder.assetcatalog; path = Images.xcassets; sourceTree = "<group>"; };
		84026DC319B8B7B100A1A173 /* FlickrPhotosViewerTests.xctest */ = {isa = PBXFileReference; explicitFileType = wrapper.cfbundle; includeInIndex = 0; path = FlickrPhotosViewerTests.xctest; sourceTree = BUILT_PRODUCTS_DIR; };
		84026DC419B8B7B100A1A173 /* XCTest.framework */ = {isa = PBXFileReference; lastKnownFileType = wrapper.framework; name = XCTest.framework; path = Library/Frameworks/XCTest.framework; sourceTree = DEVELOPER_DIR; };
		84026DCC19B8B7B100A1A173 /* FlickrPhotosViewerTests-Info.plist */ = {isa = PBXFileReference; lastKnownFileType = text.plist.xml; path = "FlickrPhotosViewerTests-Info.plist"; sourceTree = "<group>"; };
		84026DCE19B8B7B100A1A173 /* en */ = {isa = PBXFileReference; lastKnownFileType = text.plist.strings; name = en; path = en.lproj/InfoPlist.strings; sourceTree = "<group>"; };
		84026DD019B8B7B100A1A173 /* FlickrPhotosViewerTests.m */ = {isa = PBXFileReference; lastKnownFileType = sourcecode.c.objc; path = FlickrPhotosViewerTests.m; sourceTree = "<group>"; };
		84026DDA19B8B86000A1A173 /* OSTACollectionViewCell.h */ = {isa = PBXFileReference; fileEncoding = 4; lastKnownFileType = sourcecode.c.h; path = OSTACollectionViewCell.h; sourceTree = "<group>"; };
		84026DDB19B8B86000A1A173 /* OSTACollectionViewCell.m */ = {isa = PBXFileReference; fileEncoding = 4; lastKnownFileType = sourcecode.c.objc; path = OSTACollectionViewCell.m; sourceTree = "<group>"; };
		84026DDC19B8B86000A1A173 /* OSTAImageContentViewController.h */ = {isa = PBXFileReference; fileEncoding = 4; lastKnownFileType = sourcecode.c.h; path = OSTAImageContentViewController.h; sourceTree = "<group>"; };
		84026DDD19B8B86000A1A173 /* OSTAImageContentViewController.m */ = {isa = PBXFileReference; fileEncoding = 4; lastKnownFileType = sourcecode.c.objc; path = OSTAImageContentViewController.m; sourceTree = "<group>"; };
		84026DEF19B8B8BF00A1A173 /* PSRClassWichPerformsAsyncOperations.h */ = {isa = PBXFileReference; fileEncoding = 4; lastKnownFileType = sourcecode.c.h; path = PSRClassWichPerformsAsyncOperations.h; sourceTree = "<group>"; };
		84026DF019B8B8BF00A1A173 /* PSRClassWichPerformsAsyncOperations.m */ = {isa = PBXFileReference; fileEncoding = 4; lastKnownFileType = sourcecode.c.objc; path = PSRClassWichPerformsAsyncOperations.m; sourceTree = "<group>"; };
		84026DF119B8B8BF00A1A173 /* PSRFlickrAPI.h */ = {isa = PBXFileReference; fileEncoding = 4; lastKnownFileType = sourcecode.c.h; path = PSRFlickrAPI.h; sourceTree = "<group>"; };
		84026DF219B8B8BF00A1A173 /* PSRFlickrAPI.m */ = {isa = PBXFileReference; fileEncoding = 4; lastKnownFileType = sourcecode.c.objc; path = PSRFlickrAPI.m; sourceTree = "<group>"; };
		84026DF319B8B8BF00A1A173 /* PSRFlickrPhoto.h */ = {isa = PBXFileReference; fileEncoding = 4; lastKnownFileType = sourcecode.c.h; path = PSRFlickrPhoto.h; sourceTree = "<group>"; };
		84026DF419B8B8BF00A1A173 /* PSRFlickrPhoto.m */ = {isa = PBXFileReference; fileEncoding = 4; lastKnownFileType = sourcecode.c.objc; path = PSRFlickrPhoto.m; sourceTree = "<group>"; };
		84026DF519B8B8BF00A1A173 /* PSRFlickrSearchOptions.h */ = {isa = PBXFileReference; fileEncoding = 4; lastKnownFileType = sourcecode.c.h; path = PSRFlickrSearchOptions.h; sourceTree = "<group>"; };
		84026DF619B8B8BF00A1A173 /* PSRFlickrSearchOptions.m */ = {isa = PBXFileReference; fileEncoding = 4; lastKnownFileType = sourcecode.c.objc; path = PSRFlickrSearchOptions.m; sourceTree = "<group>"; };
/* End PBXFileReference section */

/* Begin PBXFrameworksBuildPhase section */
		84026D9F19B8B7B100A1A173 /* Frameworks */ = {
			isa = PBXFrameworksBuildPhase;
			buildActionMask = 2147483647;
			files = (
				84026DA819B8B7B100A1A173 /* CoreGraphics.framework in Frameworks */,
				84026DAA19B8B7B100A1A173 /* UIKit.framework in Frameworks */,
				84026DA619B8B7B100A1A173 /* Foundation.framework in Frameworks */,
			);
			runOnlyForDeploymentPostprocessing = 0;
		};
		84026DC019B8B7B100A1A173 /* Frameworks */ = {
			isa = PBXFrameworksBuildPhase;
			buildActionMask = 2147483647;
			files = (
				84026DC519B8B7B100A1A173 /* XCTest.framework in Frameworks */,
				84026DC719B8B7B100A1A173 /* UIKit.framework in Frameworks */,
				84026DC619B8B7B100A1A173 /* Foundation.framework in Frameworks */,
			);
			runOnlyForDeploymentPostprocessing = 0;
		};
/* End PBXFrameworksBuildPhase section */

/* Begin PBXGroup section */
		84026D9919B8B7B100A1A173 = {
			isa = PBXGroup;
			children = (
				84026DAB19B8B7B100A1A173 /* FlickrPhotosViewer */,
				84026DCA19B8B7B100A1A173 /* FlickrPhotosViewerTests */,
				84026DA419B8B7B100A1A173 /* Frameworks */,
				84026DA319B8B7B100A1A173 /* Products */,
			);
			sourceTree = "<group>";
		};
		84026DA319B8B7B100A1A173 /* Products */ = {
			isa = PBXGroup;
			children = (
				84026DA219B8B7B100A1A173 /* FlickrPhotosViewer.app */,
				84026DC319B8B7B100A1A173 /* FlickrPhotosViewerTests.xctest */,
			);
			name = Products;
			sourceTree = "<group>";
		};
		84026DA419B8B7B100A1A173 /* Frameworks */ = {
			isa = PBXGroup;
			children = (
				84026DA519B8B7B100A1A173 /* Foundation.framework */,
				84026DA719B8B7B100A1A173 /* CoreGraphics.framework */,
				84026DA919B8B7B100A1A173 /* UIKit.framework */,
				84026DC419B8B7B100A1A173 /* XCTest.framework */,
			);
			name = Frameworks;
			sourceTree = "<group>";
		};
		84026DAB19B8B7B100A1A173 /* FlickrPhotosViewer */ = {
			isa = PBXGroup;
			children = (
				84026DEE19B8B8BF00A1A173 /* FlickrAPI */,
				84026DE119B8B87F00A1A173 /* Controller */,
				84026DE019B8B86900A1A173 /* View */,
				84026DBD19B8B7B100A1A173 /* Images.xcassets */,
				84026DAC19B8B7B100A1A173 /* Supporting Files */,
			);
			path = FlickrPhotosViewer;
			sourceTree = "<group>";
		};
		84026DAC19B8B7B100A1A173 /* Supporting Files */ = {
			isa = PBXGroup;
			children = (
				84026DAD19B8B7B100A1A173 /* FlickrPhotosViewer-Info.plist */,
				84026DAE19B8B7B100A1A173 /* InfoPlist.strings */,
				84026DB119B8B7B100A1A173 /* main.m */,
				84026DB319B8B7B100A1A173 /* FlickrPhotosViewer-Prefix.pch */,
			);
			name = "Supporting Files";
			sourceTree = "<group>";
		};
		84026DCA19B8B7B100A1A173 /* FlickrPhotosViewerTests */ = {
			isa = PBXGroup;
			children = (
				84026DD019B8B7B100A1A173 /* FlickrPhotosViewerTests.m */,
				84026DCB19B8B7B100A1A173 /* Supporting Files */,
			);
			path = FlickrPhotosViewerTests;
			sourceTree = "<group>";
		};
		84026DCB19B8B7B100A1A173 /* Supporting Files */ = {
			isa = PBXGroup;
			children = (
				84026DCC19B8B7B100A1A173 /* FlickrPhotosViewerTests-Info.plist */,
				84026DCD19B8B7B100A1A173 /* InfoPlist.strings */,
			);
			name = "Supporting Files";
			sourceTree = "<group>";
		};
		84026DE019B8B86900A1A173 /* View */ = {
			isa = PBXGroup;
			children = (
				84026DB719B8B7B100A1A173 /* Main.storyboard */,
				84026DDA19B8B86000A1A173 /* OSTACollectionViewCell.h */,
				84026DDB19B8B86000A1A173 /* OSTACollectionViewCell.m */,
			);
			name = View;
			sourceTree = "<group>";
		};
		84026DE119B8B87F00A1A173 /* Controller */ = {
			isa = PBXGroup;
			children = (
				84026DBA19B8B7B100A1A173 /* OSTAViewController.h */,
				84026DBB19B8B7B100A1A173 /* OSTAViewController.m */,
				84026DDC19B8B86000A1A173 /* OSTAImageContentViewController.h */,
				84026DDD19B8B86000A1A173 /* OSTAImageContentViewController.m */,
				84026DB419B8B7B100A1A173 /* OSTAAppDelegate.h */,
				84026DB519B8B7B100A1A173 /* OSTAAppDelegate.m */,
			);
			name = Controller;
			sourceTree = "<group>";
		};
		84026DEE19B8B8BF00A1A173 /* FlickrAPI */ = {
			isa = PBXGroup;
			children = (
				84026DEF19B8B8BF00A1A173 /* PSRClassWichPerformsAsyncOperations.h */,
				84026DF019B8B8BF00A1A173 /* PSRClassWichPerformsAsyncOperations.m */,
				84026DF119B8B8BF00A1A173 /* PSRFlickrAPI.h */,
				84026DF219B8B8BF00A1A173 /* PSRFlickrAPI.m */,
				84026DF319B8B8BF00A1A173 /* PSRFlickrPhoto.h */,
				84026DF419B8B8BF00A1A173 /* PSRFlickrPhoto.m */,
				84026DF519B8B8BF00A1A173 /* PSRFlickrSearchOptions.h */,
				84026DF619B8B8BF00A1A173 /* PSRFlickrSearchOptions.m */,
			);
			path = FlickrAPI;
			sourceTree = "<group>";
		};
/* End PBXGroup section */

/* Begin PBXNativeTarget section */
		84026DA119B8B7B100A1A173 /* FlickrPhotosViewer */ = {
			isa = PBXNativeTarget;
			buildConfigurationList = 84026DD419B8B7B100A1A173 /* Build configuration list for PBXNativeTarget "FlickrPhotosViewer" */;
			buildPhases = (
				84026D9E19B8B7B100A1A173 /* Sources */,
				84026D9F19B8B7B100A1A173 /* Frameworks */,
				84026DA019B8B7B100A1A173 /* Resources */,
			);
			buildRules = (
			);
			dependencies = (
			);
			name = FlickrPhotosViewer;
			productName = FlickrPhotosViewer;
			productReference = 84026DA219B8B7B100A1A173 /* FlickrPhotosViewer.app */;
			productType = "com.apple.product-type.application";
		};
		84026DC219B8B7B100A1A173 /* FlickrPhotosViewerTests */ = {
			isa = PBXNativeTarget;
			buildConfigurationList = 84026DD719B8B7B100A1A173 /* Build configuration list for PBXNativeTarget "FlickrPhotosViewerTests" */;
			buildPhases = (
				84026DBF19B8B7B100A1A173 /* Sources */,
				84026DC019B8B7B100A1A173 /* Frameworks */,
				84026DC119B8B7B100A1A173 /* Resources */,
			);
			buildRules = (
			);
			dependencies = (
				84026DC919B8B7B100A1A173 /* PBXTargetDependency */,
			);
			name = FlickrPhotosViewerTests;
			productName = FlickrPhotosViewerTests;
			productReference = 84026DC319B8B7B100A1A173 /* FlickrPhotosViewerTests.xctest */;
			productType = "com.apple.product-type.bundle.unit-test";
		};
/* End PBXNativeTarget section */

/* Begin PBXProject section */
		84026D9A19B8B7B100A1A173 /* Project object */ = {
			isa = PBXProject;
			attributes = {
				CLASSPREFIX = OSTA;
				LastUpgradeCheck = 0510;
				ORGANIZATIONNAME = Ostasoft;
				TargetAttributes = {
					84026DC219B8B7B100A1A173 = {
						TestTargetID = 84026DA119B8B7B100A1A173;
					};
				};
			};
			buildConfigurationList = 84026D9D19B8B7B100A1A173 /* Build configuration list for PBXProject "FlickrPhotosViewer" */;
			compatibilityVersion = "Xcode 3.2";
			developmentRegion = English;
			hasScannedForEncodings = 0;
			knownRegions = (
				en,
				Base,
			);
			mainGroup = 84026D9919B8B7B100A1A173;
			productRefGroup = 84026DA319B8B7B100A1A173 /* Products */;
			projectDirPath = "";
			projectRoot = "";
			targets = (
				84026DA119B8B7B100A1A173 /* FlickrPhotosViewer */,
				84026DC219B8B7B100A1A173 /* FlickrPhotosViewerTests */,
			);
		};
/* End PBXProject section */

/* Begin PBXResourcesBuildPhase section */
		84026DA019B8B7B100A1A173 /* Resources */ = {
			isa = PBXResourcesBuildPhase;
			buildActionMask = 2147483647;
			files = (
				84026DBE19B8B7B100A1A173 /* Images.xcassets in Resources */,
				84026DB019B8B7B100A1A173 /* InfoPlist.strings in Resources */,
				84026DB919B8B7B100A1A173 /* Main.storyboard in Resources */,
			);
			runOnlyForDeploymentPostprocessing = 0;
		};
		84026DC119B8B7B100A1A173 /* Resources */ = {
			isa = PBXResourcesBuildPhase;
			buildActionMask = 2147483647;
			files = (
				84026DCF19B8B7B100A1A173 /* InfoPlist.strings in Resources */,
			);
			runOnlyForDeploymentPostprocessing = 0;
		};
/* End PBXResourcesBuildPhase section */

/* Begin PBXSourcesBuildPhase section */
		84026D9E19B8B7B100A1A173 /* Sources */ = {
			isa = PBXSourcesBuildPhase;
			buildActionMask = 2147483647;
			files = (
				84026DB219B8B7B100A1A173 /* main.m in Sources */,
				84026DDE19B8B86000A1A173 /* OSTACollectionViewCell.m in Sources */,
				84026DFA19B8B8BF00A1A173 /* PSRFlickrSearchOptions.m in Sources */,
				84026DBC19B8B7B100A1A173 /* OSTAViewController.m in Sources */,
				84026DB619B8B7B100A1A173 /* OSTAAppDelegate.m in Sources */,
				84026DF819B8B8BF00A1A173 /* PSRFlickrAPI.m in Sources */,
				84026DF919B8B8BF00A1A173 /* PSRFlickrPhoto.m in Sources */,
				84026DF719B8B8BF00A1A173 /* PSRClassWichPerformsAsyncOperations.m in Sources */,
				84026DDF19B8B86000A1A173 /* OSTAImageContentViewController.m in Sources */,
			);
			runOnlyForDeploymentPostprocessing = 0;
		};
		84026DBF19B8B7B100A1A173 /* Sources */ = {
			isa = PBXSourcesBuildPhase;
			buildActionMask = 2147483647;
			files = (
				84026DD119B8B7B100A1A173 /* FlickrPhotosViewerTests.m in Sources */,
			);
			runOnlyForDeploymentPostprocessing = 0;
		};
/* End PBXSourcesBuildPhase section */

/* Begin PBXTargetDependency section */
		84026DC919B8B7B100A1A173 /* PBXTargetDependency */ = {
			isa = PBXTargetDependency;
			target = 84026DA119B8B7B100A1A173 /* FlickrPhotosViewer */;
			targetProxy = 84026DC819B8B7B100A1A173 /* PBXContainerItemProxy */;
		};
/* End PBXTargetDependency section */

/* Begin PBXVariantGroup section */
		84026DAE19B8B7B100A1A173 /* InfoPlist.strings */ = {
			isa = PBXVariantGroup;
			children = (
				84026DAF19B8B7B100A1A173 /* en */,
			);
			name = InfoPlist.strings;
			sourceTree = "<group>";
		};
		84026DB719B8B7B100A1A173 /* Main.storyboard */ = {
			isa = PBXVariantGroup;
			children = (
				84026DB819B8B7B100A1A173 /* Base */,
			);
			name = Main.storyboard;
			sourceTree = "<group>";
		};
		84026DCD19B8B7B100A1A173 /* InfoPlist.strings */ = {
			isa = PBXVariantGroup;
			children = (
				84026DCE19B8B7B100A1A173 /* en */,
			);
			name = InfoPlist.strings;
			sourceTree = "<group>";
		};
/* End PBXVariantGroup section */

/* Begin XCBuildConfiguration section */
		84026DD219B8B7B100A1A173 /* Debug */ = {
			isa = XCBuildConfiguration;
			buildSettings = {
				ALWAYS_SEARCH_USER_PATHS = NO;
				CLANG_CXX_LANGUAGE_STANDARD = "gnu++0x";
				CLANG_CXX_LIBRARY = "libc++";
				CLANG_ENABLE_MODULES = YES;
				CLANG_ENABLE_OBJC_ARC = YES;
				CLANG_WARN_BOOL_CONVERSION = YES;
				CLANG_WARN_CONSTANT_CONVERSION = YES;
				CLANG_WARN_DIRECT_OBJC_ISA_USAGE = YES_ERROR;
				CLANG_WARN_EMPTY_BODY = YES;
				CLANG_WARN_ENUM_CONVERSION = YES;
				CLANG_WARN_INT_CONVERSION = YES;
				CLANG_WARN_OBJC_ROOT_CLASS = YES_ERROR;
				CLANG_WARN__DUPLICATE_METHOD_MATCH = YES;
				"CODE_SIGN_IDENTITY[sdk=iphoneos*]" = "iPhone Developer";
				COPY_PHASE_STRIP = NO;
				GCC_C_LANGUAGE_STANDARD = gnu99;
				GCC_DYNAMIC_NO_PIC = NO;
				GCC_OPTIMIZATION_LEVEL = 0;
				GCC_PREPROCESSOR_DEFINITIONS = (
					"DEBUG=1",
					"$(inherited)",
				);
				GCC_SYMBOLS_PRIVATE_EXTERN = NO;
				GCC_WARN_64_TO_32_BIT_CONVERSION = YES;
				GCC_WARN_ABOUT_RETURN_TYPE = YES_ERROR;
				GCC_WARN_UNDECLARED_SELECTOR = YES;
				GCC_WARN_UNINITIALIZED_AUTOS = YES_AGGRESSIVE;
				GCC_WARN_UNUSED_FUNCTION = YES;
				GCC_WARN_UNUSED_VARIABLE = YES;
				IPHONEOS_DEPLOYMENT_TARGET = 7.1;
				ONLY_ACTIVE_ARCH = YES;
				SDKROOT = iphoneos;
			};
			name = Debug;
		};
		84026DD319B8B7B100A1A173 /* Release */ = {
			isa = XCBuildConfiguration;
			buildSettings = {
				ALWAYS_SEARCH_USER_PATHS = NO;
				CLANG_CXX_LANGUAGE_STANDARD = "gnu++0x";
				CLANG_CXX_LIBRARY = "libc++";
				CLANG_ENABLE_MODULES = YES;
				CLANG_ENABLE_OBJC_ARC = YES;
				CLANG_WARN_BOOL_CONVERSION = YES;
				CLANG_WARN_CONSTANT_CONVERSION = YES;
				CLANG_WARN_DIRECT_OBJC_ISA_USAGE = YES_ERROR;
				CLANG_WARN_EMPTY_BODY = YES;
				CLANG_WARN_ENUM_CONVERSION = YES;
				CLANG_WARN_INT_CONVERSION = YES;
				CLANG_WARN_OBJC_ROOT_CLASS = YES_ERROR;
				CLANG_WARN__DUPLICATE_METHOD_MATCH = YES;
				"CODE_SIGN_IDENTITY[sdk=iphoneos*]" = "iPhone Developer";
				COPY_PHASE_STRIP = YES;
				ENABLE_NS_ASSERTIONS = NO;
				GCC_C_LANGUAGE_STANDARD = gnu99;
				GCC_WARN_64_TO_32_BIT_CONVERSION = YES;
				GCC_WARN_ABOUT_RETURN_TYPE = YES_ERROR;
				GCC_WARN_UNDECLARED_SELECTOR = YES;
				GCC_WARN_UNINITIALIZED_AUTOS = YES_AGGRESSIVE;
				GCC_WARN_UNUSED_FUNCTION = YES;
				GCC_WARN_UNUSED_VARIABLE = YES;
				IPHONEOS_DEPLOYMENT_TARGET = 7.1;
				SDKROOT = iphoneos;
				VALIDATE_PRODUCT = YES;
			};
			name = Release;
		};
		84026DD519B8B7B100A1A173 /* Debug */ = {
			isa = XCBuildConfiguration;
			buildSettings = {
				ASSETCATALOG_COMPILER_APPICON_NAME = AppIcon;
				ASSETCATALOG_COMPILER_LAUNCHIMAGE_NAME = LaunchImage;
				GCC_PRECOMPILE_PREFIX_HEADER = YES;
				GCC_PREFIX_HEADER = "FlickrPhotosViewer/FlickrPhotosViewer-Prefix.pch";
				INFOPLIST_FILE = "FlickrPhotosViewer/FlickrPhotosViewer-Info.plist";
				PRODUCT_NAME = "$(TARGET_NAME)";
				WRAPPER_EXTENSION = app;
			};
			name = Debug;
		};
		84026DD619B8B7B100A1A173 /* Release */ = {
			isa = XCBuildConfiguration;
			buildSettings = {
				ASSETCATALOG_COMPILER_APPICON_NAME = AppIcon;
				ASSETCATALOG_COMPILER_LAUNCHIMAGE_NAME = LaunchImage;
				GCC_PRECOMPILE_PREFIX_HEADER = YES;
				GCC_PREFIX_HEADER = "FlickrPhotosViewer/FlickrPhotosViewer-Prefix.pch";
				INFOPLIST_FILE = "FlickrPhotosViewer/FlickrPhotosViewer-Info.plist";
				PRODUCT_NAME = "$(TARGET_NAME)";
				WRAPPER_EXTENSION = app;
			};
			name = Release;
		};
		84026DD819B8B7B100A1A173 /* Debug */ = {
			isa = XCBuildConfiguration;
			buildSettings = {
				BUNDLE_LOADER = "$(BUILT_PRODUCTS_DIR)/FlickrPhotosViewer.app/FlickrPhotosViewer";
				FRAMEWORK_SEARCH_PATHS = (
					"$(SDKROOT)/Developer/Library/Frameworks",
					"$(inherited)",
					"$(DEVELOPER_FRAMEWORKS_DIR)",
				);
				GCC_PRECOMPILE_PREFIX_HEADER = YES;
				GCC_PREFIX_HEADER = "FlickrPhotosViewer/FlickrPhotosViewer-Prefix.pch";
				GCC_PREPROCESSOR_DEFINITIONS = (
					"DEBUG=1",
					"$(inherited)",
				);
				INFOPLIST_FILE = "FlickrPhotosViewerTests/FlickrPhotosViewerTests-Info.plist";
				PRODUCT_NAME = "$(TARGET_NAME)";
				TEST_HOST = "$(BUNDLE_LOADER)";
				WRAPPER_EXTENSION = xctest;
			};
			name = Debug;
		};
		84026DD919B8B7B100A1A173 /* Release */ = {
			isa = XCBuildConfiguration;
			buildSettings = {
				BUNDLE_LOADER = "$(BUILT_PRODUCTS_DIR)/FlickrPhotosViewer.app/FlickrPhotosViewer";
				FRAMEWORK_SEARCH_PATHS = (
					"$(SDKROOT)/Developer/Library/Frameworks",
					"$(inherited)",
					"$(DEVELOPER_FRAMEWORKS_DIR)",
				);
				GCC_PRECOMPILE_PREFIX_HEADER = YES;
				GCC_PREFIX_HEADER = "FlickrPhotosViewer/FlickrPhotosViewer-Prefix.pch";
				INFOPLIST_FILE = "FlickrPhotosViewerTests/FlickrPhotosViewerTests-Info.plist";
				PRODUCT_NAME = "$(TARGET_NAME)";
				TEST_HOST = "$(BUNDLE_LOADER)";
				WRAPPER_EXTENSION = xctest;
			};
			name = Release;
		};
/* End XCBuildConfiguration section */

/* Begin XCConfigurationList section */
		84026D9D19B8B7B100A1A173 /* Build configuration list for PBXProject "FlickrPhotosViewer" */ = {
			isa = XCConfigurationList;
			buildConfigurations = (
				84026DD219B8B7B100A1A173 /* Debug */,
				84026DD319B8B7B100A1A173 /* Release */,
			);
			defaultConfigurationIsVisible = 0;
			defaultConfigurationName = Release;
		};
		84026DD419B8B7B100A1A173 /* Build configuration list for PBXNativeTarget "FlickrPhotosViewer" */ = {
			isa = XCConfigurationList;
			buildConfigurations = (
				84026DD519B8B7B100A1A173 /* Debug */,
				84026DD619B8B7B100A1A173 /* Release */,
			);
			defaultConfigurationIsVisible = 0;
			defaultConfigurationName = Release;
		};
		84026DD719B8B7B100A1A173 /* Build configuration list for PBXNativeTarget "FlickrPhotosViewerTests" */ = {
			isa = XCConfigurationList;
			buildConfigurations = (
				84026DD819B8B7B100A1A173 /* Debug */,
				84026DD919B8B7B100A1A173 /* Release */,
			);
			defaultConfigurationIsVisible = 0;
			defaultConfigurationName = Release;
		};
/* End XCConfigurationList section */
	};
	rootObject = 84026D9A19B8B7B100A1A173 /* Project object */;
}
